#MicroXplorer Configuration settings - do not modify
Mcu.Family=STM32F1
ProjectManager.MainLocation=Core/Src
SH.COMP_DAC1_group.0=DAC_OUT1,DAC_OUT1
Dma.DAC_CH1.0.Mode=DMA_CIRCULAR
Dma.DAC_CH1.0.MemDataAlignment=DMA_MDATAALIGN_WORD
ProjectManager.ProjectFileName=AudioPlayerNew.ioc
ProjectManager.KeepUserCode=true
Mcu.UserName=STM32F103RCTx
Mcu.PinsNb=4
ProjectManager.NoMain=false
RCC.PLLCLKFreq_Value=8000000
ProjectManager.functionlistsort=1-MX_GPIO_Init-GPIO-false-HAL-true,2-MX_DMA_Init-DMA-false-HAL-true,3-SystemClock_Config-RCC-false-HAL-false,4-MX_DAC_Init-DAC-false-HAL-true,5-MX_TIM2_Init-TIM2-false-HAL-true
ProjectManager.DefaultFWLocation=true
ProjectManager.DeletePrevious=true
VP_SYS_VS_ND.Mode=No_Debug
PinOutPanel.RotationAngle=0
RCC.FamilyName=M
ProjectManager.StackSize=0x400
Mcu.IP4=SYS
Mcu.IP5=TIM2
NVIC.SVCall_IRQn=true\:0\:0\:false\:false\:true\:false\:false
Mcu.IP2=NVIC
Mcu.IP3=RCC
Mcu.IP0=DAC
Dma.DAC_CH1.0.Direction=DMA_MEMORY_TO_PERIPH
Mcu.IP1=DMA
Mcu.UserConstants=
ProjectManager.TargetToolchain=STM32CubeIDE
Dma.DAC_CH1.0.Instance=DMA2_Channel3
Mcu.ThirdPartyNb=0
Mcu.IPNb=6
TIM2.IPParameters=Period,TIM_MasterOutputTrigger
ProjectManager.PreviousToolchain=
Dma.DAC_CH1.0.MemInc=DMA_MINC_ENABLE
VP_TIM2_VS_ClockSourceINT.Signal=TIM2_VS_ClockSourceINT
ProjectManager.RegisterCallBack=
Mcu.Pin0=PA4
Mcu.Pin1=VP_SYS_VS_ND
Mcu.Pin2=VP_SYS_VS_Systick
Mcu.Pin3=VP_TIM2_VS_ClockSourceINT
ProjectManager.ProjectBuild=false
NVIC.UsageFault_IRQn=true\:0\:0\:false\:false\:true\:false\:false
NVIC.DebugMonitor_IRQn=true\:0\:0\:false\:false\:true\:false\:false
board=custom
NVIC.SysTick_IRQn=true\:0\:0\:false\:false\:true\:false\:true
ProjectManager.LastFirmware=true
ProjectManager.FirmwarePackage=STM32Cube FW_F1 V1.8.3
MxDb.Version=DB.6.0.21
RCC.APB2Freq_Value=8000000
ProjectManager.BackupPrevious=false
DAC.DAC_Trigger=DAC_TRIGGER_T2_TRGO
MxCube.Version=6.2.1
VP_TIM2_VS_ClockSourceINT.Mode=Internal
File.Version=6
VP_SYS_VS_Systick.Mode=SysTick
VP_SYS_VS_ND.Signal=SYS_VS_ND
Dma.DAC_CH1.0.PeriphDataAlignment=DMA_PDATAALIGN_WORD
NVIC.NonMaskableInt_IRQn=true\:0\:0\:false\:false\:true\:false\:false
NVIC.DMA2_Channel3_IRQn=true\:0\:0\:false\:false\:true\:false\:true
NVIC.PendSV_IRQn=true\:0\:0\:false\:false\:true\:false\:false
TIM2.Period=624
ProjectManager.FreePins=false
RCC.IPParameters=APB1Freq_Value,APB2Freq_Value,FamilyName,PLLCLKFreq_Value,PLLMCOFreq_Value,TimSysFreq_Value
DAC.IPParameters=DAC_Trigger
ProjectManager.AskForMigrate=true
Mcu.Name=STM32F103R(C-D-E)Tx
Dma.RequestsNb=1
ProjectManager.HalAssertFull=false
ProjectManager.ProjectName=AudioPlayerNew
ProjectManager.UnderRoot=true
RCC.PLLMCOFreq_Value=4000000
ProjectManager.CoupleFile=false
Dma.DAC_CH1.0.PeriphInc=DMA_PINC_DISABLE
Dma.DAC_CH1.0.RequestParameters=Instance,Direction,PeriphInc,MemInc,PeriphDataAlignment,MemDataAlignment,Mode,Priority
PA4.Signal=COMP_DAC1_group
Mcu.Package=LQFP64
RCC.TimSysFreq_Value=8000000
NVIC.ForceEnableDMAVector=true
KeepUserPlacement=false
SH.COMP_DAC1_group.ConfNb=1
NVIC.MemoryManagement_IRQn=true\:0\:0\:false\:false\:true\:false\:false
ProjectManager.CompilerOptimize=6
ProjectManager.ToolChainLocation=
VP_SYS_VS_Systick.Signal=SYS_VS_Systick
ProjectManager.HeapSize=0x200
Dma.DAC_CH1.0.Priority=DMA_PRIORITY_HIGH
NVIC.HardFault_IRQn=true\:0\:0\:false\:false\:true\:false\:false
ProjectManager.ComputerToolchain=false
NVIC.PriorityGroup=NVIC_PRIORITYGROUP_4
TIM2.TIM_MasterOutputTrigger=TIM_TRGO_UPDATE
NVIC.BusFault_IRQn=true\:0\:0\:false\:false\:true\:false\:false
Dma.Request0=DAC_CH1
RCC.APB1Freq_Value=8000000
ProjectManager.CustomerFirmwarePackage=
ProjectManager.DeviceId=STM32F103RCTx
ProjectManager.LibraryCopy=1
isbadioc=false
